// !$*UTF8*$!
{
	archiveVersion = 1;
	classes = {
	};
	objectVersion = 56;
	objects = {

/* Begin PBXBuildFile section */
		CB39EBFF2C1E4187002C0B92 /* FeedDetailView.swift in Sources */ = {isa = PBXBuildFile; fileRef = CB39EBFE2C1E4187002C0B92 /* FeedDetailView.swift */; };
		CB54C4772C1DA29B003834AE /* iLibraryApp.swift in Sources */ = {isa = PBXBuildFile; fileRef = CB54C4762C1DA29B003834AE /* iLibraryApp.swift */; };
		CB54C4792C1DA29B003834AE /* ContentView.swift in Sources */ = {isa = PBXBuildFile; fileRef = CB54C4782C1DA29B003834AE /* ContentView.swift */; };
		CB54C47B2C1DA29D003834AE /* Assets.xcassets in Resources */ = {isa = PBXBuildFile; fileRef = CB54C47A2C1DA29D003834AE /* Assets.xcassets */; };
		CB54C47F2C1DA29D003834AE /* Preview Assets.xcassets in Resources */ = {isa = PBXBuildFile; fileRef = CB54C47E2C1DA29D003834AE /* Preview Assets.xcassets */; };
		CB54C4892C1DA29D003834AE /* iLibraryTests.swift in Sources */ = {isa = PBXBuildFile; fileRef = CB54C4882C1DA29D003834AE /* iLibraryTests.swift */; };
		CB54C4932C1DA29D003834AE /* iLibraryUITests.swift in Sources */ = {isa = PBXBuildFile; fileRef = CB54C4922C1DA29D003834AE /* iLibraryUITests.swift */; };
		CB54C4952C1DA29D003834AE /* iLibraryUITestsLaunchTests.swift in Sources */ = {isa = PBXBuildFile; fileRef = CB54C4942C1DA29D003834AE /* iLibraryUITestsLaunchTests.swift */; };
		CB54C4A22C1DA3CC003834AE /* FeedView.swift in Sources */ = {isa = PBXBuildFile; fileRef = CB54C4A12C1DA3CC003834AE /* FeedView.swift */; };
		CB54C4AB2C1DA5D4003834AE /* Article.swift in Sources */ = {isa = PBXBuildFile; fileRef = CB54C4AA2C1DA5D4003834AE /* Article.swift */; };
		CB54C4AF2C1DA7C6003834AE /* ArticleModifyView.swift in Sources */ = {isa = PBXBuildFile; fileRef = CB54C4AE2C1DA7C6003834AE /* ArticleModifyView.swift */; };
		CB54C4B22C1DB707003834AE /* User.swift in Sources */ = {isa = PBXBuildFile; fileRef = CB54C4B12C1DB707003834AE /* User.swift */; };
		CB54C4BB2C1DBD9C003834AE /* InformationContainerView.swift in Sources */ = {isa = PBXBuildFile; fileRef = CB54C4B42C1DBD9C003834AE /* InformationContainerView.swift */; };
		CB54C4BC2C1DBD9C003834AE /* InformationDetailView.swift in Sources */ = {isa = PBXBuildFile; fileRef = CB54C4B52C1DBD9C003834AE /* InformationDetailView.swift */; };
		CB54C4BD2C1DBD9C003834AE /* WelcomeHeader.swift in Sources */ = {isa = PBXBuildFile; fileRef = CB54C4B62C1DBD9C003834AE /* WelcomeHeader.swift */; };
		CB54C4BE2C1DBD9C003834AE /* WelcomeView.swift in Sources */ = {isa = PBXBuildFile; fileRef = CB54C4B72C1DBD9C003834AE /* WelcomeView.swift */; };
		CB54C4BF2C1DBD9C003834AE /* OnboardingView.swift in Sources */ = {isa = PBXBuildFile; fileRef = CB54C4B92C1DBD9C003834AE /* OnboardingView.swift */; };
		CB54C4C22C1DC2A7003834AE /* CreateUserView.swift in Sources */ = {isa = PBXBuildFile; fileRef = CB54C4C12C1DC2A7003834AE /* CreateUserView.swift */; };
		CB54C4C62C1DC6E6003834AE /* ArticleListView.swift in Sources */ = {isa = PBXBuildFile; fileRef = CB54C4C52C1DC6E6003834AE /* ArticleListView.swift */; };
		CBC9A9112C1DC85B00FA5073 /* SettingsView.swift in Sources */ = {isa = PBXBuildFile; fileRef = CBC9A9102C1DC85B00FA5073 /* SettingsView.swift */; };
		CBC9A9152C1DD8A700FA5073 /* Image.swift in Sources */ = {isa = PBXBuildFile; fileRef = CBC9A9142C1DD8A700FA5073 /* Image.swift */; };
		CBC9A9172C1DDA8500FA5073 /* UserModifyView.swift in Sources */ = {isa = PBXBuildFile; fileRef = CBC9A9162C1DDA8500FA5073 /* UserModifyView.swift */; };
		CBC9A91C2C1E36E100FA5073 /* CloudKitManager.swift in Sources */ = {isa = PBXBuildFile; fileRef = CBC9A91B2C1E36E100FA5073 /* CloudKitManager.swift */; };
		CBC9A91E2C1E372900FA5073 /* PublicArticle.swift in Sources */ = {isa = PBXBuildFile; fileRef = CBC9A91D2C1E372900FA5073 /* PublicArticle.swift */; };
/* End PBXBuildFile section */

/* Begin PBXContainerItemProxy section */
		CB54C4852C1DA29D003834AE /* PBXContainerItemProxy */ = {
			isa = PBXContainerItemProxy;
			containerPortal = CB54C46B2C1DA29B003834AE /* Project object */;
			proxyType = 1;
			remoteGlobalIDString = CB54C4722C1DA29B003834AE;
			remoteInfo = iLibrary;
		};
		CB54C48F2C1DA29D003834AE /* PBXContainerItemProxy */ = {
			isa = PBXContainerItemProxy;
			containerPortal = CB54C46B2C1DA29B003834AE /* Project object */;
			proxyType = 1;
			remoteGlobalIDString = CB54C4722C1DA29B003834AE;
			remoteInfo = iLibrary;
		};
/* End PBXContainerItemProxy section */

/* Begin PBXFileReference section */
		CB39EBFE2C1E4187002C0B92 /* FeedDetailView.swift */ = {isa = PBXFileReference; lastKnownFileType = sourcecode.swift; path = FeedDetailView.swift; sourceTree = "<group>"; };
		CB54C4732C1DA29B003834AE /* iLibrary.app */ = {isa = PBXFileReference; explicitFileType = wrapper.application; includeInIndex = 0; path = iLibrary.app; sourceTree = BUILT_PRODUCTS_DIR; };
		CB54C4762C1DA29B003834AE /* iLibraryApp.swift */ = {isa = PBXFileReference; lastKnownFileType = sourcecode.swift; path = iLibraryApp.swift; sourceTree = "<group>"; };
		CB54C4782C1DA29B003834AE /* ContentView.swift */ = {isa = PBXFileReference; lastKnownFileType = sourcecode.swift; path = ContentView.swift; sourceTree = "<group>"; };
		CB54C47A2C1DA29D003834AE /* Assets.xcassets */ = {isa = PBXFileReference; lastKnownFileType = folder.assetcatalog; path = Assets.xcassets; sourceTree = "<group>"; };
		CB54C47C2C1DA29D003834AE /* iLibrary.entitlements */ = {isa = PBXFileReference; lastKnownFileType = text.plist.entitlements; path = iLibrary.entitlements; sourceTree = "<group>"; };
		CB54C47E2C1DA29D003834AE /* Preview Assets.xcassets */ = {isa = PBXFileReference; lastKnownFileType = folder.assetcatalog; path = "Preview Assets.xcassets"; sourceTree = "<group>"; };
		CB54C4842C1DA29D003834AE /* iLibraryTests.xctest */ = {isa = PBXFileReference; explicitFileType = wrapper.cfbundle; includeInIndex = 0; path = iLibraryTests.xctest; sourceTree = BUILT_PRODUCTS_DIR; };
		CB54C4882C1DA29D003834AE /* iLibraryTests.swift */ = {isa = PBXFileReference; lastKnownFileType = sourcecode.swift; path = iLibraryTests.swift; sourceTree = "<group>"; };
		CB54C48E2C1DA29D003834AE /* iLibraryUITests.xctest */ = {isa = PBXFileReference; explicitFileType = wrapper.cfbundle; includeInIndex = 0; path = iLibraryUITests.xctest; sourceTree = BUILT_PRODUCTS_DIR; };
		CB54C4922C1DA29D003834AE /* iLibraryUITests.swift */ = {isa = PBXFileReference; lastKnownFileType = sourcecode.swift; path = iLibraryUITests.swift; sourceTree = "<group>"; };
		CB54C4942C1DA29D003834AE /* iLibraryUITestsLaunchTests.swift */ = {isa = PBXFileReference; lastKnownFileType = sourcecode.swift; path = iLibraryUITestsLaunchTests.swift; sourceTree = "<group>"; };
		CB54C4A12C1DA3CC003834AE /* FeedView.swift */ = {isa = PBXFileReference; lastKnownFileType = sourcecode.swift; path = FeedView.swift; sourceTree = "<group>"; };
		CB54C4AA2C1DA5D4003834AE /* Article.swift */ = {isa = PBXFileReference; lastKnownFileType = sourcecode.swift; path = Article.swift; sourceTree = "<group>"; };
		CB54C4AE2C1DA7C6003834AE /* ArticleModifyView.swift */ = {isa = PBXFileReference; lastKnownFileType = sourcecode.swift; path = ArticleModifyView.swift; sourceTree = "<group>"; };
		CB54C4B02C1DB498003834AE /* Info.plist */ = {isa = PBXFileReference; lastKnownFileType = text.plist; path = Info.plist; sourceTree = "<group>"; };
		CB54C4B12C1DB707003834AE /* User.swift */ = {isa = PBXFileReference; lastKnownFileType = sourcecode.swift; path = User.swift; sourceTree = "<group>"; };
		CB54C4B42C1DBD9C003834AE /* InformationContainerView.swift */ = {isa = PBXFileReference; fileEncoding = 4; lastKnownFileType = sourcecode.swift; path = InformationContainerView.swift; sourceTree = "<group>"; };
		CB54C4B52C1DBD9C003834AE /* InformationDetailView.swift */ = {isa = PBXFileReference; fileEncoding = 4; lastKnownFileType = sourcecode.swift; path = InformationDetailView.swift; sourceTree = "<group>"; };
		CB54C4B62C1DBD9C003834AE /* WelcomeHeader.swift */ = {isa = PBXFileReference; fileEncoding = 4; lastKnownFileType = sourcecode.swift; path = WelcomeHeader.swift; sourceTree = "<group>"; };
		CB54C4B72C1DBD9C003834AE /* WelcomeView.swift */ = {isa = PBXFileReference; fileEncoding = 4; lastKnownFileType = sourcecode.swift; path = WelcomeView.swift; sourceTree = "<group>"; };
		CB54C4B92C1DBD9C003834AE /* OnboardingView.swift */ = {isa = PBXFileReference; fileEncoding = 4; lastKnownFileType = sourcecode.swift; path = OnboardingView.swift; sourceTree = "<group>"; };
		CB54C4C12C1DC2A7003834AE /* CreateUserView.swift */ = {isa = PBXFileReference; lastKnownFileType = sourcecode.swift; path = CreateUserView.swift; sourceTree = "<group>"; };
		CB54C4C52C1DC6E6003834AE /* ArticleListView.swift */ = {isa = PBXFileReference; lastKnownFileType = sourcecode.swift; path = ArticleListView.swift; sourceTree = "<group>"; };
		CBC9A9102C1DC85B00FA5073 /* SettingsView.swift */ = {isa = PBXFileReference; lastKnownFileType = sourcecode.swift; path = SettingsView.swift; sourceTree = "<group>"; };
		CBC9A9142C1DD8A700FA5073 /* Image.swift */ = {isa = PBXFileReference; lastKnownFileType = sourcecode.swift; path = Image.swift; sourceTree = "<group>"; };
		CBC9A9162C1DDA8500FA5073 /* UserModifyView.swift */ = {isa = PBXFileReference; lastKnownFileType = sourcecode.swift; path = UserModifyView.swift; sourceTree = "<group>"; };
		CBC9A91B2C1E36E100FA5073 /* CloudKitManager.swift */ = {isa = PBXFileReference; lastKnownFileType = sourcecode.swift; path = CloudKitManager.swift; sourceTree = "<group>"; };
		CBC9A91D2C1E372900FA5073 /* PublicArticle.swift */ = {isa = PBXFileReference; lastKnownFileType = sourcecode.swift; path = PublicArticle.swift; sourceTree = "<group>"; };
/* End PBXFileReference section */

/* Begin PBXFrameworksBuildPhase section */
		CB54C4702C1DA29B003834AE /* Frameworks */ = {
			isa = PBXFrameworksBuildPhase;
			buildActionMask = 2147483647;
			files = (
			);
			runOnlyForDeploymentPostprocessing = 0;
		};
		CB54C4812C1DA29D003834AE /* Frameworks */ = {
			isa = PBXFrameworksBuildPhase;
			buildActionMask = 2147483647;
			files = (
			);
			runOnlyForDeploymentPostprocessing = 0;
		};
		CB54C48B2C1DA29D003834AE /* Frameworks */ = {
			isa = PBXFrameworksBuildPhase;
			buildActionMask = 2147483647;
			files = (
			);
			runOnlyForDeploymentPostprocessing = 0;
		};
/* End PBXFrameworksBuildPhase section */

/* Begin PBXGroup section */
		CB54C46A2C1DA29B003834AE = {
			isa = PBXGroup;
			children = (
				CB54C4752C1DA29B003834AE /* iLibrary */,
				CB54C4872C1DA29D003834AE /* iLibraryTests */,
				CB54C4912C1DA29D003834AE /* iLibraryUITests */,
				CB54C4742C1DA29B003834AE /* Products */,
			);
			sourceTree = "<group>";
		};
		CB54C4742C1DA29B003834AE /* Products */ = {
			isa = PBXGroup;
			children = (
				CB54C4732C1DA29B003834AE /* iLibrary.app */,
				CB54C4842C1DA29D003834AE /* iLibraryTests.xctest */,
				CB54C48E2C1DA29D003834AE /* iLibraryUITests.xctest */,
			);
			name = Products;
			sourceTree = "<group>";
		};
		CB54C4752C1DA29B003834AE /* iLibrary */ = {
			isa = PBXGroup;
			children = (
				CB54C4A52C1DA565003834AE /* App */,
				CB54C4A72C1DA596003834AE /* Common */,
				CBC9A9122C1DD87300FA5073 /* Utils */,
				CB54C47A2C1DA29D003834AE /* Assets.xcassets */,
				CB54C4B02C1DB498003834AE /* Info.plist */,
				CB54C47C2C1DA29D003834AE /* iLibrary.entitlements */,
				CB54C47D2C1DA29D003834AE /* Preview Content */,
			);
			path = iLibrary;
			sourceTree = "<group>";
		};
		CB54C47D2C1DA29D003834AE /* Preview Content */ = {
			isa = PBXGroup;
			children = (
				CB54C47E2C1DA29D003834AE /* Preview Assets.xcassets */,
			);
			path = "Preview Content";
			sourceTree = "<group>";
		};
		CB54C4872C1DA29D003834AE /* iLibraryTests */ = {
			isa = PBXGroup;
			children = (
				CB54C4882C1DA29D003834AE /* iLibraryTests.swift */,
			);
			path = iLibraryTests;
			sourceTree = "<group>";
		};
		CB54C4912C1DA29D003834AE /* iLibraryUITests */ = {
			isa = PBXGroup;
			children = (
				CB54C4922C1DA29D003834AE /* iLibraryUITests.swift */,
				CB54C4942C1DA29D003834AE /* iLibraryUITestsLaunchTests.swift */,
			);
			path = iLibraryUITests;
			sourceTree = "<group>";
		};
		CB54C4A52C1DA565003834AE /* App */ = {
			isa = PBXGroup;
			children = (
				CB54C4BA2C1DBD9C003834AE /* Onboarding */,
				CB54C4AD2C1DA7A4003834AE /* Article */,
				CBC9A90F2C1DC84A00FA5073 /* Settings */,
				CB54C4AC2C1DA790003834AE /* Feed */,
				CB54C4A62C1DA573003834AE /* Main */,
			);
			path = App;
			sourceTree = "<group>";
		};
		CB54C4A62C1DA573003834AE /* Main */ = {
			isa = PBXGroup;
			children = (
				CB54C4762C1DA29B003834AE /* iLibraryApp.swift */,
				CB54C4782C1DA29B003834AE /* ContentView.swift */,
			);
			path = Main;
			sourceTree = "<group>";
		};
		CB54C4A72C1DA596003834AE /* Common */ = {
			isa = PBXGroup;
			children = (
				CBC9A91A2C1E36CF00FA5073 /* CloudKit */,
				CB54C4A82C1DA5A4003834AE /* DataModels */,
			);
			path = Common;
			sourceTree = "<group>";
		};
		CB54C4A82C1DA5A4003834AE /* DataModels */ = {
			isa = PBXGroup;
			children = (
				CB54C4AA2C1DA5D4003834AE /* Article.swift */,
				CB54C4B12C1DB707003834AE /* User.swift */,
				CBC9A91D2C1E372900FA5073 /* PublicArticle.swift */,
			);
			path = DataModels;
			sourceTree = "<group>";
		};
		CB54C4AC2C1DA790003834AE /* Feed */ = {
			isa = PBXGroup;
			children = (
				CB54C4A12C1DA3CC003834AE /* FeedView.swift */,
				CB39EBFE2C1E4187002C0B92 /* FeedDetailView.swift */,
			);
			path = Feed;
			sourceTree = "<group>";
		};
		CB54C4AD2C1DA7A4003834AE /* Article */ = {
			isa = PBXGroup;
			children = (
				CB54C4C52C1DC6E6003834AE /* ArticleListView.swift */,
				CB54C4AE2C1DA7C6003834AE /* ArticleModifyView.swift */,
			);
			path = Article;
			sourceTree = "<group>";
		};
		CB54C4B82C1DBD9C003834AE /* Welcome */ = {
			isa = PBXGroup;
			children = (
				CB54C4B42C1DBD9C003834AE /* InformationContainerView.swift */,
				CB54C4B52C1DBD9C003834AE /* InformationDetailView.swift */,
				CB54C4B62C1DBD9C003834AE /* WelcomeHeader.swift */,
				CB54C4B72C1DBD9C003834AE /* WelcomeView.swift */,
			);
			path = Welcome;
			sourceTree = "<group>";
		};
		CB54C4BA2C1DBD9C003834AE /* Onboarding */ = {
			isa = PBXGroup;
			children = (
				CB54C4C02C1DC290003834AE /* User */,
				CB54C4B82C1DBD9C003834AE /* Welcome */,
				CB54C4B92C1DBD9C003834AE /* OnboardingView.swift */,
			);
			path = Onboarding;
			sourceTree = "<group>";
		};
		CB54C4C02C1DC290003834AE /* User */ = {
			isa = PBXGroup;
			children = (
				CB54C4C12C1DC2A7003834AE /* CreateUserView.swift */,
			);
			path = User;
			sourceTree = "<group>";
		};
		CBC9A90F2C1DC84A00FA5073 /* Settings */ = {
			isa = PBXGroup;
			children = (
				CBC9A9102C1DC85B00FA5073 /* SettingsView.swift */,
				CBC9A9162C1DDA8500FA5073 /* UserModifyView.swift */,
			);
			path = Settings;
			sourceTree = "<group>";
		};
		CBC9A9122C1DD87300FA5073 /* Utils */ = {
			isa = PBXGroup;
			children = (
				CBC9A9132C1DD87E00FA5073 /* Extensions */,
			);
			path = Utils;
			sourceTree = "<group>";
		};
		CBC9A9132C1DD87E00FA5073 /* Extensions */ = {
			isa = PBXGroup;
			children = (
				CBC9A9142C1DD8A700FA5073 /* Image.swift */,
			);
			path = Extensions;
			sourceTree = "<group>";
		};
		CBC9A91A2C1E36CF00FA5073 /* CloudKit */ = {
			isa = PBXGroup;
			children = (
				CBC9A91B2C1E36E100FA5073 /* CloudKitManager.swift */,
			);
			path = CloudKit;
			sourceTree = "<group>";
		};
/* End PBXGroup section */

/* Begin PBXNativeTarget section */
		CB54C4722C1DA29B003834AE /* iLibrary */ = {
			isa = PBXNativeTarget;
			buildConfigurationList = CB54C4982C1DA29D003834AE /* Build configuration list for PBXNativeTarget "iLibrary" */;
			buildPhases = (
				CB54C46F2C1DA29B003834AE /* Sources */,
				CB54C4702C1DA29B003834AE /* Frameworks */,
				CB54C4712C1DA29B003834AE /* Resources */,
			);
			buildRules = (
			);
			dependencies = (
			);
			name = iLibrary;
			productName = iLibrary;
			productReference = CB54C4732C1DA29B003834AE /* iLibrary.app */;
			productType = "com.apple.product-type.application";
		};
		CB54C4832C1DA29D003834AE /* iLibraryTests */ = {
			isa = PBXNativeTarget;
			buildConfigurationList = CB54C49B2C1DA29D003834AE /* Build configuration list for PBXNativeTarget "iLibraryTests" */;
			buildPhases = (
				CB54C4802C1DA29D003834AE /* Sources */,
				CB54C4812C1DA29D003834AE /* Frameworks */,
				CB54C4822C1DA29D003834AE /* Resources */,
			);
			buildRules = (
			);
			dependencies = (
				CB54C4862C1DA29D003834AE /* PBXTargetDependency */,
			);
			name = iLibraryTests;
			productName = iLibraryTests;
			productReference = CB54C4842C1DA29D003834AE /* iLibraryTests.xctest */;
			productType = "com.apple.product-type.bundle.unit-test";
		};
		CB54C48D2C1DA29D003834AE /* iLibraryUITests */ = {
			isa = PBXNativeTarget;
			buildConfigurationList = CB54C49E2C1DA29D003834AE /* Build configuration list for PBXNativeTarget "iLibraryUITests" */;
			buildPhases = (
				CB54C48A2C1DA29D003834AE /* Sources */,
				CB54C48B2C1DA29D003834AE /* Frameworks */,
				CB54C48C2C1DA29D003834AE /* Resources */,
			);
			buildRules = (
			);
			dependencies = (
				CB54C4902C1DA29D003834AE /* PBXTargetDependency */,
			);
			name = iLibraryUITests;
			productName = iLibraryUITests;
			productReference = CB54C48E2C1DA29D003834AE /* iLibraryUITests.xctest */;
			productType = "com.apple.product-type.bundle.ui-testing";
		};
/* End PBXNativeTarget section */

/* Begin PBXProject section */
		CB54C46B2C1DA29B003834AE /* Project object */ = {
			isa = PBXProject;
			attributes = {
				BuildIndependentTargetsInParallel = 1;
				LastSwiftUpdateCheck = 1540;
				LastUpgradeCheck = 1540;
				TargetAttributes = {
					CB54C4722C1DA29B003834AE = {
						CreatedOnToolsVersion = 15.4;
					};
					CB54C4832C1DA29D003834AE = {
						CreatedOnToolsVersion = 15.4;
						TestTargetID = CB54C4722C1DA29B003834AE;
					};
					CB54C48D2C1DA29D003834AE = {
						CreatedOnToolsVersion = 15.4;
						TestTargetID = CB54C4722C1DA29B003834AE;
					};
				};
			};
			buildConfigurationList = CB54C46E2C1DA29B003834AE /* Build configuration list for PBXProject "iLibrary" */;
			compatibilityVersion = "Xcode 14.0";
			developmentRegion = en;
			hasScannedForEncodings = 0;
			knownRegions = (
				en,
				Base,
			);
			mainGroup = CB54C46A2C1DA29B003834AE;
			productRefGroup = CB54C4742C1DA29B003834AE /* Products */;
			projectDirPath = "";
			projectRoot = "";
			targets = (
				CB54C4722C1DA29B003834AE /* iLibrary */,
				CB54C4832C1DA29D003834AE /* iLibraryTests */,
				CB54C48D2C1DA29D003834AE /* iLibraryUITests */,
			);
		};
/* End PBXProject section */

/* Begin PBXResourcesBuildPhase section */
		CB54C4712C1DA29B003834AE /* Resources */ = {
			isa = PBXResourcesBuildPhase;
			buildActionMask = 2147483647;
			files = (
				CB54C47F2C1DA29D003834AE /* Preview Assets.xcassets in Resources */,
				CB54C47B2C1DA29D003834AE /* Assets.xcassets in Resources */,
			);
			runOnlyForDeploymentPostprocessing = 0;
		};
		CB54C4822C1DA29D003834AE /* Resources */ = {
			isa = PBXResourcesBuildPhase;
			buildActionMask = 2147483647;
			files = (
			);
			runOnlyForDeploymentPostprocessing = 0;
		};
		CB54C48C2C1DA29D003834AE /* Resources */ = {
			isa = PBXResourcesBuildPhase;
			buildActionMask = 2147483647;
			files = (
			);
			runOnlyForDeploymentPostprocessing = 0;
		};
/* End PBXResourcesBuildPhase section */

/* Begin PBXSourcesBuildPhase section */
		CB54C46F2C1DA29B003834AE /* Sources */ = {
			isa = PBXSourcesBuildPhase;
			buildActionMask = 2147483647;
			files = (
				CB54C4A22C1DA3CC003834AE /* FeedView.swift in Sources */,
				CBC9A9172C1DDA8500FA5073 /* UserModifyView.swift in Sources */,
				CB54C4792C1DA29B003834AE /* ContentView.swift in Sources */,
				CB54C4772C1DA29B003834AE /* iLibraryApp.swift in Sources */,
				CB54C4C22C1DC2A7003834AE /* CreateUserView.swift in Sources */,
				CBC9A9152C1DD8A700FA5073 /* Image.swift in Sources */,
				CB54C4BC2C1DBD9C003834AE /* InformationDetailView.swift in Sources */,
				CBC9A91C2C1E36E100FA5073 /* CloudKitManager.swift in Sources */,
				CB54C4C62C1DC6E6003834AE /* ArticleListView.swift in Sources */,
				CB54C4AF2C1DA7C6003834AE /* ArticleModifyView.swift in Sources */,
				CBC9A9112C1DC85B00FA5073 /* SettingsView.swift in Sources */,
				CB54C4BE2C1DBD9C003834AE /* WelcomeView.swift in Sources */,
				CB39EBFF2C1E4187002C0B92 /* FeedDetailView.swift in Sources */,
				CB54C4BB2C1DBD9C003834AE /* InformationContainerView.swift in Sources */,
				CBC9A91E2C1E372900FA5073 /* PublicArticle.swift in Sources */,
				CB54C4BD2C1DBD9C003834AE /* WelcomeHeader.swift in Sources */,
				CB54C4BF2C1DBD9C003834AE /* OnboardingView.swift in Sources */,
				CB54C4AB2C1DA5D4003834AE /* Article.swift in Sources */,
				CB54C4B22C1DB707003834AE /* User.swift in Sources */,
			);
			runOnlyForDeploymentPostprocessing = 0;
		};
		CB54C4802C1DA29D003834AE /* Sources */ = {
			isa = PBXSourcesBuildPhase;
			buildActionMask = 2147483647;
			files = (
				CB54C4892C1DA29D003834AE /* iLibraryTests.swift in Sources */,
			);
			runOnlyForDeploymentPostprocessing = 0;
		};
		CB54C48A2C1DA29D003834AE /* Sources */ = {
			isa = PBXSourcesBuildPhase;
			buildActionMask = 2147483647;
			files = (
				CB54C4952C1DA29D003834AE /* iLibraryUITestsLaunchTests.swift in Sources */,
				CB54C4932C1DA29D003834AE /* iLibraryUITests.swift in Sources */,
			);
			runOnlyForDeploymentPostprocessing = 0;
		};
/* End PBXSourcesBuildPhase section */

/* Begin PBXTargetDependency section */
		CB54C4862C1DA29D003834AE /* PBXTargetDependency */ = {
			isa = PBXTargetDependency;
			target = CB54C4722C1DA29B003834AE /* iLibrary */;
			targetProxy = CB54C4852C1DA29D003834AE /* PBXContainerItemProxy */;
		};
		CB54C4902C1DA29D003834AE /* PBXTargetDependency */ = {
			isa = PBXTargetDependency;
			target = CB54C4722C1DA29B003834AE /* iLibrary */;
			targetProxy = CB54C48F2C1DA29D003834AE /* PBXContainerItemProxy */;
		};
/* End PBXTargetDependency section */

/* Begin XCBuildConfiguration section */
		CB54C4962C1DA29D003834AE /* Debug */ = {
			isa = XCBuildConfiguration;
			buildSettings = {
				ALWAYS_SEARCH_USER_PATHS = NO;
				ASSETCATALOG_COMPILER_GENERATE_SWIFT_ASSET_SYMBOL_EXTENSIONS = YES;
				CLANG_ANALYZER_NONNULL = YES;
				CLANG_ANALYZER_NUMBER_OBJECT_CONVERSION = YES_AGGRESSIVE;
				CLANG_CXX_LANGUAGE_STANDARD = "gnu++20";
				CLANG_ENABLE_MODULES = YES;
				CLANG_ENABLE_OBJC_ARC = YES;
				CLANG_ENABLE_OBJC_WEAK = YES;
				CLANG_WARN_BLOCK_CAPTURE_AUTORELEASING = YES;
				CLANG_WARN_BOOL_CONVERSION = YES;
				CLANG_WARN_COMMA = YES;
				CLANG_WARN_CONSTANT_CONVERSION = YES;
				CLANG_WARN_DEPRECATED_OBJC_IMPLEMENTATIONS = YES;
				CLANG_WARN_DIRECT_OBJC_ISA_USAGE = YES_ERROR;
				CLANG_WARN_DOCUMENTATION_COMMENTS = YES;
				CLANG_WARN_EMPTY_BODY = YES;
				CLANG_WARN_ENUM_CONVERSION = YES;
				CLANG_WARN_INFINITE_RECURSION = YES;
				CLANG_WARN_INT_CONVERSION = YES;
				CLANG_WARN_NON_LITERAL_NULL_CONVERSION = YES;
				CLANG_WARN_OBJC_IMPLICIT_RETAIN_SELF = YES;
				CLANG_WARN_OBJC_LITERAL_CONVERSION = YES;
				CLANG_WARN_OBJC_ROOT_CLASS = YES_ERROR;
				CLANG_WARN_QUOTED_INCLUDE_IN_FRAMEWORK_HEADER = YES;
				CLANG_WARN_RANGE_LOOP_ANALYSIS = YES;
				CLANG_WARN_STRICT_PROTOTYPES = YES;
				CLANG_WARN_SUSPICIOUS_MOVE = YES;
				CLANG_WARN_UNGUARDED_AVAILABILITY = YES_AGGRESSIVE;
				CLANG_WARN_UNREACHABLE_CODE = YES;
				CLANG_WARN__DUPLICATE_METHOD_MATCH = YES;
				COPY_PHASE_STRIP = NO;
				DEBUG_INFORMATION_FORMAT = dwarf;
				ENABLE_STRICT_OBJC_MSGSEND = YES;
				ENABLE_TESTABILITY = YES;
				ENABLE_USER_SCRIPT_SANDBOXING = YES;
				GCC_C_LANGUAGE_STANDARD = gnu17;
				GCC_DYNAMIC_NO_PIC = NO;
				GCC_NO_COMMON_BLOCKS = YES;
				GCC_OPTIMIZATION_LEVEL = 0;
				GCC_PREPROCESSOR_DEFINITIONS = (
					"DEBUG=1",
					"$(inherited)",
				);
				GCC_WARN_64_TO_32_BIT_CONVERSION = YES;
				GCC_WARN_ABOUT_RETURN_TYPE = YES_ERROR;
				GCC_WARN_UNDECLARED_SELECTOR = YES;
				GCC_WARN_UNINITIALIZED_AUTOS = YES_AGGRESSIVE;
				GCC_WARN_UNUSED_FUNCTION = YES;
				GCC_WARN_UNUSED_VARIABLE = YES;
				LOCALIZATION_PREFERS_STRING_CATALOGS = YES;
				MTL_ENABLE_DEBUG_INFO = INCLUDE_SOURCE;
				MTL_FAST_MATH = YES;
				ONLY_ACTIVE_ARCH = YES;
				SWIFT_ACTIVE_COMPILATION_CONDITIONS = "DEBUG $(inherited)";
				SWIFT_OPTIMIZATION_LEVEL = "-Onone";
			};
			name = Debug;
		};
		CB54C4972C1DA29D003834AE /* Release */ = {
			isa = XCBuildConfiguration;
			buildSettings = {
				ALWAYS_SEARCH_USER_PATHS = NO;
				ASSETCATALOG_COMPILER_GENERATE_SWIFT_ASSET_SYMBOL_EXTENSIONS = YES;
				CLANG_ANALYZER_NONNULL = YES;
				CLANG_ANALYZER_NUMBER_OBJECT_CONVERSION = YES_AGGRESSIVE;
				CLANG_CXX_LANGUAGE_STANDARD = "gnu++20";
				CLANG_ENABLE_MODULES = YES;
				CLANG_ENABLE_OBJC_ARC = YES;
				CLANG_ENABLE_OBJC_WEAK = YES;
				CLANG_WARN_BLOCK_CAPTURE_AUTORELEASING = YES;
				CLANG_WARN_BOOL_CONVERSION = YES;
				CLANG_WARN_COMMA = YES;
				CLANG_WARN_CONSTANT_CONVERSION = YES;
				CLANG_WARN_DEPRECATED_OBJC_IMPLEMENTATIONS = YES;
				CLANG_WARN_DIRECT_OBJC_ISA_USAGE = YES_ERROR;
				CLANG_WARN_DOCUMENTATION_COMMENTS = YES;
				CLANG_WARN_EMPTY_BODY = YES;
				CLANG_WARN_ENUM_CONVERSION = YES;
				CLANG_WARN_INFINITE_RECURSION = YES;
				CLANG_WARN_INT_CONVERSION = YES;
				CLANG_WARN_NON_LITERAL_NULL_CONVERSION = YES;
				CLANG_WARN_OBJC_IMPLICIT_RETAIN_SELF = YES;
				CLANG_WARN_OBJC_LITERAL_CONVERSION = YES;
				CLANG_WARN_OBJC_ROOT_CLASS = YES_ERROR;
				CLANG_WARN_QUOTED_INCLUDE_IN_FRAMEWORK_HEADER = YES;
				CLANG_WARN_RANGE_LOOP_ANALYSIS = YES;
				CLANG_WARN_STRICT_PROTOTYPES = YES;
				CLANG_WARN_SUSPICIOUS_MOVE = YES;
				CLANG_WARN_UNGUARDED_AVAILABILITY = YES_AGGRESSIVE;
				CLANG_WARN_UNREACHABLE_CODE = YES;
				CLANG_WARN__DUPLICATE_METHOD_MATCH = YES;
				COPY_PHASE_STRIP = NO;
				DEBUG_INFORMATION_FORMAT = "dwarf-with-dsym";
				ENABLE_NS_ASSERTIONS = NO;
				ENABLE_STRICT_OBJC_MSGSEND = YES;
				ENABLE_USER_SCRIPT_SANDBOXING = YES;
				GCC_C_LANGUAGE_STANDARD = gnu17;
				GCC_NO_COMMON_BLOCKS = YES;
				GCC_WARN_64_TO_32_BIT_CONVERSION = YES;
				GCC_WARN_ABOUT_RETURN_TYPE = YES_ERROR;
				GCC_WARN_UNDECLARED_SELECTOR = YES;
				GCC_WARN_UNINITIALIZED_AUTOS = YES_AGGRESSIVE;
				GCC_WARN_UNUSED_FUNCTION = YES;
				GCC_WARN_UNUSED_VARIABLE = YES;
				LOCALIZATION_PREFERS_STRING_CATALOGS = YES;
				MTL_ENABLE_DEBUG_INFO = NO;
				MTL_FAST_MATH = YES;
				SWIFT_COMPILATION_MODE = wholemodule;
			};
			name = Release;
		};
		CB54C4992C1DA29D003834AE /* Debug */ = {
			isa = XCBuildConfiguration;
			buildSettings = {
				ASSETCATALOG_COMPILER_APPICON_NAME = AppIcon;
				ASSETCATALOG_COMPILER_GLOBAL_ACCENT_COLOR_NAME = AccentColor;
				CODE_SIGN_ENTITLEMENTS = iLibrary/iLibrary.entitlements;
				CODE_SIGN_STYLE = Automatic;
				CURRENT_PROJECT_VERSION = 1;
				DEVELOPMENT_ASSET_PATHS = "\"iLibrary/Preview Content\"";
				DEVELOPMENT_TEAM = 7SM6PL3XT8;
				ENABLE_HARDENED_RUNTIME = YES;
				ENABLE_PREVIEWS = YES;
				GENERATE_INFOPLIST_FILE = YES;
				INFOPLIST_FILE = iLibrary/Info.plist;
				"INFOPLIST_KEY_UIApplicationSceneManifest_Generation[sdk=iphoneos*]" = YES;
				"INFOPLIST_KEY_UIApplicationSceneManifest_Generation[sdk=iphonesimulator*]" = YES;
				"INFOPLIST_KEY_UIApplicationSupportsIndirectInputEvents[sdk=iphoneos*]" = YES;
				"INFOPLIST_KEY_UIApplicationSupportsIndirectInputEvents[sdk=iphonesimulator*]" = YES;
				"INFOPLIST_KEY_UILaunchScreen_Generation[sdk=iphoneos*]" = YES;
				"INFOPLIST_KEY_UILaunchScreen_Generation[sdk=iphonesimulator*]" = YES;
				"INFOPLIST_KEY_UIStatusBarStyle[sdk=iphoneos*]" = UIStatusBarStyleDefault;
				"INFOPLIST_KEY_UIStatusBarStyle[sdk=iphonesimulator*]" = UIStatusBarStyleDefault;
				INFOPLIST_KEY_UISupportedInterfaceOrientations_iPad = "UIInterfaceOrientationPortrait UIInterfaceOrientationPortraitUpsideDown UIInterfaceOrientationLandscapeLeft UIInterfaceOrientationLandscapeRight";
				INFOPLIST_KEY_UISupportedInterfaceOrientations_iPhone = "UIInterfaceOrientationPortrait UIInterfaceOrientationLandscapeLeft UIInterfaceOrientationLandscapeRight";
				IPHONEOS_DEPLOYMENT_TARGET = 17.5;
				LD_RUNPATH_SEARCH_PATHS = "@executable_path/Frameworks";
				"LD_RUNPATH_SEARCH_PATHS[sdk=macosx*]" = "@executable_path/../Frameworks";
				MACOSX_DEPLOYMENT_TARGET = 14.5;
				MARKETING_VERSION = 1.0;
				PRODUCT_BUNDLE_IDENTIFIER = ch.romanindermuehle.iLibrary;
				PRODUCT_NAME = "$(TARGET_NAME)";
				SDKROOT = auto;
				SUPPORTED_PLATFORMS = "iphoneos iphonesimulator xros xrsimulator";
				SUPPORTS_MACCATALYST = NO;
				SWIFT_EMIT_LOC_STRINGS = YES;
				SWIFT_VERSION = 5.0;
				TARGETED_DEVICE_FAMILY = "1,2,7";
			};
			name = Debug;
		};
		CB54C49A2C1DA29D003834AE /* Release */ = {
			isa = XCBuildConfiguration;
			buildSettings = {
				ASSETCATALOG_COMPILER_APPICON_NAME = AppIcon;
				ASSETCATALOG_COMPILER_GLOBAL_ACCENT_COLOR_NAME = AccentColor;
				CODE_SIGN_ENTITLEMENTS = iLibrary/iLibrary.entitlements;
				CODE_SIGN_STYLE = Automatic;
				CURRENT_PROJECT_VERSION = 1;
				DEVELOPMENT_ASSET_PATHS = "\"iLibrary/Preview Content\"";
				DEVELOPMENT_TEAM = 7SM6PL3XT8;
				ENABLE_HARDENED_RUNTIME = YES;
				ENABLE_PREVIEWS = YES;
				GENERATE_INFOPLIST_FILE = YES;
				INFOPLIST_FILE = iLibrary/Info.plist;
				"INFOPLIST_KEY_UIApplicationSceneManifest_Generation[sdk=iphoneos*]" = YES;
				"INFOPLIST_KEY_UIApplicationSceneManifest_Generation[sdk=iphonesimulator*]" = YES;
				"INFOPLIST_KEY_UIApplicationSupportsIndirectInputEvents[sdk=iphoneos*]" = YES;
				"INFOPLIST_KEY_UIApplicationSupportsIndirectInputEvents[sdk=iphonesimulator*]" = YES;
				"INFOPLIST_KEY_UILaunchScreen_Generation[sdk=iphoneos*]" = YES;
				"INFOPLIST_KEY_UILaunchScreen_Generation[sdk=iphonesimulator*]" = YES;
				"INFOPLIST_KEY_UIStatusBarStyle[sdk=iphoneos*]" = UIStatusBarStyleDefault;
				"INFOPLIST_KEY_UIStatusBarStyle[sdk=iphonesimulator*]" = UIStatusBarStyleDefault;
				INFOPLIST_KEY_UISupportedInterfaceOrientations_iPad = "UIInterfaceOrientationPortrait UIInterfaceOrientationPortraitUpsideDown UIInterfaceOrientationLandscapeLeft UIInterfaceOrientationLandscapeRight";
				INFOPLIST_KEY_UISupportedInterfaceOrientations_iPhone = "UIInterfaceOrientationPortrait UIInterfaceOrientationLandscapeLeft UIInterfaceOrientationLandscapeRight";
				IPHONEOS_DEPLOYMENT_TARGET = 17.5;
				LD_RUNPATH_SEARCH_PATHS = "@executable_path/Frameworks";
				"LD_RUNPATH_SEARCH_PATHS[sdk=macosx*]" = "@executable_path/../Frameworks";
				MACOSX_DEPLOYMENT_TARGET = 14.5;
				MARKETING_VERSION = 1.0;
				PRODUCT_BUNDLE_IDENTIFIER = ch.romanindermuehle.iLibrary;
				PRODUCT_NAME = "$(TARGET_NAME)";
				SDKROOT = auto;
				SUPPORTED_PLATFORMS = "iphoneos iphonesimulator xros xrsimulator";
				SUPPORTS_MACCATALYST = NO;
				SWIFT_EMIT_LOC_STRINGS = YES;
				SWIFT_VERSION = 5.0;
				TARGETED_DEVICE_FAMILY = "1,2,7";
			};
			name = Release;
		};
		CB54C49C2C1DA29D003834AE /* Debug */ = {
			isa = XCBuildConfiguration;
			buildSettings = {
				ALWAYS_EMBED_SWIFT_STANDARD_LIBRARIES = YES;
				BUNDLE_LOADER = "$(TEST_HOST)";
				CODE_SIGN_STYLE = Automatic;
				CURRENT_PROJECT_VERSION = 1;
				DEVELOPMENT_TEAM = 7SM6PL3XT8;
				GENERATE_INFOPLIST_FILE = YES;
				IPHONEOS_DEPLOYMENT_TARGET = 17.5;
				MACOSX_DEPLOYMENT_TARGET = 14.5;
				MARKETING_VERSION = 1.0;
				PRODUCT_BUNDLE_IDENTIFIER = ch.romanindermuehle.iLibraryTests;
				PRODUCT_NAME = "$(TARGET_NAME)";
				SDKROOT = auto;
				SUPPORTED_PLATFORMS = "iphoneos iphonesimulator macosx";
				SWIFT_EMIT_LOC_STRINGS = NO;
				SWIFT_VERSION = 5.0;
				TARGETED_DEVICE_FAMILY = "1,2";
				TEST_HOST = "$(BUILT_PRODUCTS_DIR)/iLibrary.app/$(BUNDLE_EXECUTABLE_FOLDER_PATH)/iLibrary";
			};
			name = Debug;
		};
		CB54C49D2C1DA29D003834AE /* Release */ = {
			isa = XCBuildConfiguration;
			buildSettings = {
				ALWAYS_EMBED_SWIFT_STANDARD_LIBRARIES = YES;
				BUNDLE_LOADER = "$(TEST_HOST)";
				CODE_SIGN_STYLE = Automatic;
				CURRENT_PROJECT_VERSION = 1;
				DEVELOPMENT_TEAM = 7SM6PL3XT8;
				GENERATE_INFOPLIST_FILE = YES;
				IPHONEOS_DEPLOYMENT_TARGET = 17.5;
				MACOSX_DEPLOYMENT_TARGET = 14.5;
				MARKETING_VERSION = 1.0;
				PRODUCT_BUNDLE_IDENTIFIER = ch.romanindermuehle.iLibraryTests;
				PRODUCT_NAME = "$(TARGET_NAME)";
				SDKROOT = auto;
				SUPPORTED_PLATFORMS = "iphoneos iphonesimulator macosx";
				SWIFT_EMIT_LOC_STRINGS = NO;
				SWIFT_VERSION = 5.0;
				TARGETED_DEVICE_FAMILY = "1,2";
				TEST_HOST = "$(BUILT_PRODUCTS_DIR)/iLibrary.app/$(BUNDLE_EXECUTABLE_FOLDER_PATH)/iLibrary";
			};
			name = Release;
		};
		CB54C49F2C1DA29D003834AE /* Debug */ = {
			isa = XCBuildConfiguration;
			buildSettings = {
				ALWAYS_EMBED_SWIFT_STANDARD_LIBRARIES = YES;
				CODE_SIGN_STYLE = Automatic;
				CURRENT_PROJECT_VERSION = 1;
				DEVELOPMENT_TEAM = 7SM6PL3XT8;
				GENERATE_INFOPLIST_FILE = YES;
				IPHONEOS_DEPLOYMENT_TARGET = 17.5;
				MACOSX_DEPLOYMENT_TARGET = 14.5;
				MARKETING_VERSION = 1.0;
				PRODUCT_BUNDLE_IDENTIFIER = ch.romanindermuehle.iLibraryUITests;
				PRODUCT_NAME = "$(TARGET_NAME)";
				SDKROOT = auto;
				SUPPORTED_PLATFORMS = "iphoneos iphonesimulator macosx";
				SWIFT_EMIT_LOC_STRINGS = NO;
				SWIFT_VERSION = 5.0;
				TARGETED_DEVICE_FAMILY = "1,2";
				TEST_TARGET_NAME = iLibrary;
			};
			name = Debug;
		};
		CB54C4A02C1DA29D003834AE /* Release */ = {
			isa = XCBuildConfiguration;
			buildSettings = {
				ALWAYS_EMBED_SWIFT_STANDARD_LIBRARIES = YES;
				CODE_SIGN_STYLE = Automatic;
				CURRENT_PROJECT_VERSION = 1;
				DEVELOPMENT_TEAM = 7SM6PL3XT8;
				GENERATE_INFOPLIST_FILE = YES;
				IPHONEOS_DEPLOYMENT_TARGET = 17.5;
				MACOSX_DEPLOYMENT_TARGET = 14.5;
				MARKETING_VERSION = 1.0;
				PRODUCT_BUNDLE_IDENTIFIER = ch.romanindermuehle.iLibraryUITests;
				PRODUCT_NAME = "$(TARGET_NAME)";
				SDKROOT = auto;
				SUPPORTED_PLATFORMS = "iphoneos iphonesimulator macosx";
				SWIFT_EMIT_LOC_STRINGS = NO;
				SWIFT_VERSION = 5.0;
				TARGETED_DEVICE_FAMILY = "1,2";
				TEST_TARGET_NAME = iLibrary;
			};
			name = Release;
		};
/* End XCBuildConfiguration section */

/* Begin XCConfigurationList section */
		CB54C46E2C1DA29B003834AE /* Build configuration list for PBXProject "iLibrary" */ = {
			isa = XCConfigurationList;
			buildConfigurations = (
				CB54C4962C1DA29D003834AE /* Debug */,
				CB54C4972C1DA29D003834AE /* Release */,
			);
			defaultConfigurationIsVisible = 0;
			defaultConfigurationName = Release;
		};
		CB54C4982C1DA29D003834AE /* Build configuration list for PBXNativeTarget "iLibrary" */ = {
			isa = XCConfigurationList;
			buildConfigurations = (
				CB54C4992C1DA29D003834AE /* Debug */,
				CB54C49A2C1DA29D003834AE /* Release */,
			);
			defaultConfigurationIsVisible = 0;
			defaultConfigurationName = Release;
		};
		CB54C49B2C1DA29D003834AE /* Build configuration list for PBXNativeTarget "iLibraryTests" */ = {
			isa = XCConfigurationList;
			buildConfigurations = (
				CB54C49C2C1DA29D003834AE /* Debug */,
				CB54C49D2C1DA29D003834AE /* Release */,
			);
			defaultConfigurationIsVisible = 0;
			defaultConfigurationName = Release;
		};
		CB54C49E2C1DA29D003834AE /* Build configuration list for PBXNativeTarget "iLibraryUITests" */ = {
			isa = XCConfigurationList;
			buildConfigurations = (
				CB54C49F2C1DA29D003834AE /* Debug */,
				CB54C4A02C1DA29D003834AE /* Release */,
			);
			defaultConfigurationIsVisible = 0;
			defaultConfigurationName = Release;
		};
/* End XCConfigurationList section */
	};
	rootObject = CB54C46B2C1DA29B003834AE /* Project object */;
}
